
Microsoft Visual Studio Solution File, Format Version 12.00
# Visual Studio Version 17
VisualStudioVersion = 17.14.37111.16 d17.14
MinimumVisualStudioVersion = 10.0.40219.1
Project("{FAE04EC0-301F-11D3-BF4B-00C04F79EFBC}") = "CyberSecurityAwarenessBotGUI", "CyberSecurityAwarenessBotGUI.csproj", "{3F398E1E-9CB0-4002-A6C6-321F5FC861A5}"
EndProject
Global
	GlobalSection(SolutionConfigurationPlatforms) = preSolution
		Debug|Any CPU = Debug|Any CPU
		Release|Any CPU = Release|Any CPU
	EndGlobalSection
	GlobalSection(ProjectConfigurationPlatforms) = postSolution
		{3F398E1E-9CB0-4002-A6C6-321F5FC861A5}.Debug|Any CPU.ActiveCfg = Debug|Any CPU
		{3F398E1E-9CB0-4002-A6C6-321F5FC861A5}.Debug|Any CPU.Build.0 = Debug|Any CPU
		{3F398E1E-9CB0-4002-A6C6-321F5FC861A5}.Release|Any CPU.ActiveCfg = Release|Any CPU
		{3F398E1E-9CB0-4002-A6C6-321F5FC861A5}.Release|Any CPU.Build.0 = Release|Any CPU
	EndGlobalSection
	GlobalSection(SolutionProperties) = preSolution
		HideSolutionNode = FALSE
	EndGlobalSection
	GlobalSection(ExtensibilityGlobals) = postSolution
		SolutionGuid = {3D04C917-27FF-44DC-A5FD-2EAA2B3CEFFF}
	EndGlobalSection
EndGlobal
